PODS:
  - Masonry (1.1.0)
  - SOCR (0.1.0):
    - Masonry

DEPENDENCIES:
  - SOCR (from `../`)

EXTERNAL SOURCES:
  SOCR:
    :path: ../

SPEC CHECKSUMS:
  Masonry: 678fab65091a9290e40e2832a55e7ab731aad201
  SOCR: 48d7e1d7b62291529fc4ee6bd8a189d1fe7bffb7

PODFILE CHECKSUM: a5bb117fbb3e1e1410af9c54d842ec216e13e53d

COCOAPODS: 1.4.0.beta.2
